
Microsoft Visual Studio Solution File, Format Version 11.00
# Visual Studio 2010
Project("{2150E333-8FDC-42A3-9474-1A3956D46DE8}") = "Solution Items", "Solution Items", "{E9F0B7B9-B16C-4955-9450-5E430978B9CF}"
	ProjectSection(SolutionItems) = preProject
		documentation-Debug.shfbproj = documentation-Debug.shfbproj
		documentation-Release.shfbproj = documentation-Release.shfbproj
		IntelliBox.proj = IntelliBox.proj
	EndProjectSection
EndProject
Project("{FAE04EC0-301F-11D3-BF4B-00C04F79EFBC}") = "IntelliBox", "IntelliBox\IntelliBox.csproj", "{1005DE71-8B98-4C78-8EE4-C577F1A64361}"
EndProject
Project("{FAE04EC0-301F-11D3-BF4B-00C04F79EFBC}") = "Examples", "Examples\Examples.csproj", "{5BAB0A85-AEB5-4783-A622-B711B47111B1}"
EndProject
Project("{FAE04EC0-301F-11D3-BF4B-00C04F79EFBC}") = "IntelliboxL2E", "IntelliboxL2E\IntelliboxL2E.csproj", "{B7F742C8-2C5E-4A2A-BE99-EDEC894B28F0}"
EndProject
Global
	GlobalSection(SolutionConfigurationPlatforms) = preSolution
		Debug|Any CPU = Debug|Any CPU
		Debug|x86 = Debug|x86
		Release|Any CPU = Release|Any CPU
		Release|x86 = Release|x86
	EndGlobalSection
	GlobalSection(ProjectConfigurationPlatforms) = postSolution
		{1005DE71-8B98-4C78-8EE4-C577F1A64361}.Debug|Any CPU.ActiveCfg = Debug|Any CPU
		{1005DE71-8B98-4C78-8EE4-C577F1A64361}.Debug|Any CPU.Build.0 = Debug|Any CPU
		{1005DE71-8B98-4C78-8EE4-C577F1A64361}.Debug|x86.ActiveCfg = Debug|Any CPU
		{1005DE71-8B98-4C78-8EE4-C577F1A64361}.Debug|x86.Build.0 = Debug|Any CPU
		{1005DE71-8B98-4C78-8EE4-C577F1A64361}.Release|Any CPU.ActiveCfg = Release|Any CPU
		{1005DE71-8B98-4C78-8EE4-C577F1A64361}.Release|Any CPU.Build.0 = Release|Any CPU
		{1005DE71-8B98-4C78-8EE4-C577F1A64361}.Release|x86.ActiveCfg = Release|Any CPU
		{5BAB0A85-AEB5-4783-A622-B711B47111B1}.Debug|Any CPU.ActiveCfg = Debug|Any CPU
		{5BAB0A85-AEB5-4783-A622-B711B47111B1}.Debug|Any CPU.Build.0 = Debug|Any CPU
		{5BAB0A85-AEB5-4783-A622-B711B47111B1}.Debug|x86.ActiveCfg = Debug|x86
		{5BAB0A85-AEB5-4783-A622-B711B47111B1}.Debug|x86.Build.0 = Debug|x86
		{5BAB0A85-AEB5-4783-A622-B711B47111B1}.Release|Any CPU.ActiveCfg = Release|Any CPU
		{5BAB0A85-AEB5-4783-A622-B711B47111B1}.Release|Any CPU.Build.0 = Release|Any CPU
		{5BAB0A85-AEB5-4783-A622-B711B47111B1}.Release|x86.ActiveCfg = Release|x86
		{5BAB0A85-AEB5-4783-A622-B711B47111B1}.Release|x86.Build.0 = Release|x86
		{B7F742C8-2C5E-4A2A-BE99-EDEC894B28F0}.Debug|Any CPU.ActiveCfg = Debug|Any CPU
		{B7F742C8-2C5E-4A2A-BE99-EDEC894B28F0}.Debug|Any CPU.Build.0 = Debug|Any CPU
		{B7F742C8-2C5E-4A2A-BE99-EDEC894B28F0}.Debug|x86.ActiveCfg = Debug|Any CPU
		{B7F742C8-2C5E-4A2A-BE99-EDEC894B28F0}.Debug|x86.Build.0 = Debug|Any CPU
		{B7F742C8-2C5E-4A2A-BE99-EDEC894B28F0}.Release|Any CPU.ActiveCfg = Release|Any CPU
		{B7F742C8-2C5E-4A2A-BE99-EDEC894B28F0}.Release|Any CPU.Build.0 = Release|Any CPU
		{B7F742C8-2C5E-4A2A-BE99-EDEC894B28F0}.Release|x86.ActiveCfg = Release|Any CPU
	EndGlobalSection
	GlobalSection(SolutionProperties) = preSolution
		HideSolutionNode = FALSE
	EndGlobalSection
EndGlobal
